// !$*UTF8*$!
{
	archiveVersion = 1;
	classes = {
	};
	objectVersion = 56;
	objects = {

/* Begin PBXBuildFile section */
		E20B4C352B04B83D00C29FA3 /* LearnCoreData.swift in Sources */ = {isa = PBXBuildFile; fileRef = E20B4C342B04B83D00C29FA3 /* LearnCoreData.swift */; };
		E20B4C382B04B9C000C29FA3 /* FruitsContainer.xcdatamodeld in Sources */ = {isa = PBXBuildFile; fileRef = E20B4C362B04B9C000C29FA3 /* FruitsContainer.xcdatamodeld */; };
		E211C2242B5821B500F3140F /* LearnViewBuilder.swift in Sources */ = {isa = PBXBuildFile; fileRef = E211C2232B5821B500F3140F /* LearnViewBuilder.swift */; };
		E2212F402B08CD6C0077168E /* LearnTimer.swift in Sources */ = {isa = PBXBuildFile; fileRef = E2212F3F2B08CD6C0077168E /* LearnTimer.swift */; };
		E22737C42B0791D700C0D19A /* DownloadWithEscaping.swift in Sources */ = {isa = PBXBuildFile; fileRef = E22737C32B0791D700C0D19A /* DownloadWithEscaping.swift */; };
		E22737C62B07AA9400C0D19A /* DownloadWithCombine.swift in Sources */ = {isa = PBXBuildFile; fileRef = E22737C52B07AA9400C0D19A /* DownloadWithCombine.swift */; };
		E22E6CFB2B04D0A3000395A3 /* CoreDataRelationship.swift in Sources */ = {isa = PBXBuildFile; fileRef = E22E6CFA2B04D0A3000395A3 /* CoreDataRelationship.swift */; };
		E235C25A2B0A24D40096790F /* FileManagerView.swift in Sources */ = {isa = PBXBuildFile; fileRef = E235C2592B0A24D40096790F /* FileManagerView.swift */; };
		E251FA6E2B08F681004E19B3 /* SubscriberView.swift in Sources */ = {isa = PBXBuildFile; fileRef = E251FA6D2B08F681004E19B3 /* SubscriberView.swift */; };
		E2581FA22AFFCE6400107A86 /* LearnMask.swift in Sources */ = {isa = PBXBuildFile; fileRef = E2581FA12AFFCE6400107A86 /* LearnMask.swift */; };
		E2581FA42AFFE9AA00107A86 /* LearnSounds.swift in Sources */ = {isa = PBXBuildFile; fileRef = E2581FA32AFFE9AA00107A86 /* LearnSounds.swift */; };
		E25CD5B32B013FE700474B2B /* Arrays.swift in Sources */ = {isa = PBXBuildFile; fileRef = E25CD5B22B013FE700474B2B /* Arrays.swift */; };
		E25E80022AFF9CB40020BDA6 /* LearnMultipleSheets.swift in Sources */ = {isa = PBXBuildFile; fileRef = E25E80012AFF9CB40020BDA6 /* LearnMultipleSheets.swift */; };
		E2616C8C2B0B947500F335D5 /* CustomButtonText.swift in Sources */ = {isa = PBXBuildFile; fileRef = E2616C8B2B0B947500F335D5 /* CustomButtonText.swift */; };
		E26774A92B12406800676CBA /* PhotoModelCacheManager.swift in Sources */ = {isa = PBXBuildFile; fileRef = E26774A82B12406800676CBA /* PhotoModelCacheManager.swift */; };
		E26774AB2B12419F00676CBA /* PhotoModelFileManager.swift in Sources */ = {isa = PBXBuildFile; fileRef = E26774AA2B12419F00676CBA /* PhotoModelFileManager.swift */; };
		E27FA5932AFD05AF00DEDC6C /* LearnDragGesture.swift in Sources */ = {isa = PBXBuildFile; fileRef = E27FA5922AFD05AF00DEDC6C /* LearnDragGesture.swift */; };
		E27FA5952AFD116200DEDC6C /* LearnScrollViewReader.swift in Sources */ = {isa = PBXBuildFile; fileRef = E27FA5942AFD116200DEDC6C /* LearnScrollViewReader.swift */; };
		E28037522B0A894C0011FF32 /* CacheView.swift in Sources */ = {isa = PBXBuildFile; fileRef = E28037512B0A894C0011FF32 /* CacheView.swift */; };
		E2877EFC2B56EAB50005A6B6 /* LearnGenerics.swift in Sources */ = {isa = PBXBuildFile; fileRef = E2877EFB2B56EAB50005A6B6 /* LearnGenerics.swift */; };
		E28EB6312B0650840029CF49 /* LearnEscaping.swift in Sources */ = {isa = PBXBuildFile; fileRef = E28EB6302B0650840029CF49 /* LearnEscaping.swift */; };
		E28EB6332B0660130029CF49 /* LearnCodable.swift in Sources */ = {isa = PBXBuildFile; fileRef = E28EB6322B0660130029CF49 /* LearnCodable.swift */; };
		E2BF37B12AFBB4E300A06DBD /* LearnMagnificationGesture.swift in Sources */ = {isa = PBXBuildFile; fileRef = E2BF37B02AFBB4E300A06DBD /* LearnMagnificationGesture.swift */; };
		E2BF37B32AFBBE8D00A06DBD /* LearnRotationGesture.swift in Sources */ = {isa = PBXBuildFile; fileRef = E2BF37B22AFBBE8D00A06DBD /* LearnRotationGesture.swift */; };
		E2E2435B2B0CBB1D0093DD79 /* DownloadingImagesView.swift in Sources */ = {isa = PBXBuildFile; fileRef = E2E2435A2B0CBB1D0093DD79 /* DownloadingImagesView.swift */; };
		E2E2435D2B0CBD850093DD79 /* DownloadingImagesViewModel.swift in Sources */ = {isa = PBXBuildFile; fileRef = E2E2435C2B0CBD850093DD79 /* DownloadingImagesViewModel.swift */; };
		E2E2435F2B0CBDAD0093DD79 /* PhotoModel.swift in Sources */ = {isa = PBXBuildFile; fileRef = E2E2435E2B0CBDAD0093DD79 /* PhotoModel.swift */; };
		E2E243612B0CC39A0093DD79 /* PhotoModelDataService.swift in Sources */ = {isa = PBXBuildFile; fileRef = E2E243602B0CC39A0093DD79 /* PhotoModelDataService.swift */; };
		E2E243632B0CC92F0093DD79 /* DownloadingImagesRow.swift in Sources */ = {isa = PBXBuildFile; fileRef = E2E243622B0CC92F0093DD79 /* DownloadingImagesRow.swift */; };
		E2E243652B0CEA020093DD79 /* ImageLoadingView.swift in Sources */ = {isa = PBXBuildFile; fileRef = E2E243642B0CEA020093DD79 /* ImageLoadingView.swift */; };
		E2E243672B0CEA0F0093DD79 /* ImageLoadingViewModel.swift in Sources */ = {isa = PBXBuildFile; fileRef = E2E243662B0CEA0F0093DD79 /* ImageLoadingViewModel.swift */; };
		E2F0D9A52B052A9F0033D330 /* BackgroundThreads.swift in Sources */ = {isa = PBXBuildFile; fileRef = E2F0D9A42B052A9F0033D330 /* BackgroundThreads.swift */; };
		E2F0D9A72B0531F60033D330 /* WeakSelf.swift in Sources */ = {isa = PBXBuildFile; fileRef = E2F0D9A62B0531F60033D330 /* WeakSelf.swift */; };
		E2F0D9A92B05528D0033D330 /* LearnTypealias.swift in Sources */ = {isa = PBXBuildFile; fileRef = E2F0D9A82B05528D0033D330 /* LearnTypealias.swift */; };
		E2F2A9AA2B00D6E800ADB7C7 /* badum.mp3 in Resources */ = {isa = PBXBuildFile; fileRef = E2F2A9A82B00D6E800ADB7C7 /* badum.mp3 */; };
		E2F2A9AB2B00D6E800ADB7C7 /* tada.mp3 in Resources */ = {isa = PBXBuildFile; fileRef = E2F2A9A92B00D6E800ADB7C7 /* tada.mp3 */; };
		E2F2A9AD2B00DF2900ADB7C7 /* LearnHaptics.swift in Sources */ = {isa = PBXBuildFile; fileRef = E2F2A9AC2B00DF2900ADB7C7 /* LearnHaptics.swift */; };
		E2F2A9AF2B00FB3200ADB7C7 /* LearnLocalNotification.swift in Sources */ = {isa = PBXBuildFile; fileRef = E2F2A9AE2B00FB3200ADB7C7 /* LearnLocalNotification.swift */; };
		E2F3DF912AFAA57200921053 /* IntermediateBootcampApp.swift in Sources */ = {isa = PBXBuildFile; fileRef = E2F3DF902AFAA57200921053 /* IntermediateBootcampApp.swift */; };
		E2F3DF952AFAA57300921053 /* Assets.xcassets in Resources */ = {isa = PBXBuildFile; fileRef = E2F3DF942AFAA57300921053 /* Assets.xcassets */; };
		E2F3DF982AFAA57300921053 /* Preview Assets.xcassets in Resources */ = {isa = PBXBuildFile; fileRef = E2F3DF972AFAA57300921053 /* Preview Assets.xcassets */; };
		E2F3DF9F2AFAA5FB00921053 /* LearnLongPressGesture.swift in Sources */ = {isa = PBXBuildFile; fileRef = E2F3DF9E2AFAA5FB00921053 /* LearnLongPressGesture.swift */; };
/* End PBXBuildFile section */

/* Begin PBXFileReference section */
		E20B4C342B04B83D00C29FA3 /* LearnCoreData.swift */ = {isa = PBXFileReference; lastKnownFileType = sourcecode.swift; path = LearnCoreData.swift; sourceTree = "<group>"; };
		E20B4C372B04B9C000C29FA3 /* FruitsContainer.xcdatamodel */ = {isa = PBXFileReference; lastKnownFileType = wrapper.xcdatamodel; path = FruitsContainer.xcdatamodel; sourceTree = "<group>"; };
		E211C2232B5821B500F3140F /* LearnViewBuilder.swift */ = {isa = PBXFileReference; lastKnownFileType = sourcecode.swift; path = LearnViewBuilder.swift; sourceTree = "<group>"; };
		E2212F3F2B08CD6C0077168E /* LearnTimer.swift */ = {isa = PBXFileReference; lastKnownFileType = sourcecode.swift; path = LearnTimer.swift; sourceTree = "<group>"; };
		E22737C32B0791D700C0D19A /* DownloadWithEscaping.swift */ = {isa = PBXFileReference; lastKnownFileType = sourcecode.swift; path = DownloadWithEscaping.swift; sourceTree = "<group>"; };
		E22737C52B07AA9400C0D19A /* DownloadWithCombine.swift */ = {isa = PBXFileReference; lastKnownFileType = sourcecode.swift; path = DownloadWithCombine.swift; sourceTree = "<group>"; };
		E22E6CFA2B04D0A3000395A3 /* CoreDataRelationship.swift */ = {isa = PBXFileReference; lastKnownFileType = sourcecode.swift; path = CoreDataRelationship.swift; sourceTree = "<group>"; };
		E235C2592B0A24D40096790F /* FileManagerView.swift */ = {isa = PBXFileReference; lastKnownFileType = sourcecode.swift; path = FileManagerView.swift; sourceTree = "<group>"; };
		E251FA6D2B08F681004E19B3 /* SubscriberView.swift */ = {isa = PBXFileReference; lastKnownFileType = sourcecode.swift; path = SubscriberView.swift; sourceTree = "<group>"; };
		E2581FA12AFFCE6400107A86 /* LearnMask.swift */ = {isa = PBXFileReference; lastKnownFileType = sourcecode.swift; path = LearnMask.swift; sourceTree = "<group>"; };
		E2581FA32AFFE9AA00107A86 /* LearnSounds.swift */ = {isa = PBXFileReference; lastKnownFileType = sourcecode.swift; path = LearnSounds.swift; sourceTree = "<group>"; };
		E25CD5B22B013FE700474B2B /* Arrays.swift */ = {isa = PBXFileReference; lastKnownFileType = sourcecode.swift; path = Arrays.swift; sourceTree = "<group>"; };
		E25E80012AFF9CB40020BDA6 /* LearnMultipleSheets.swift */ = {isa = PBXFileReference; lastKnownFileType = sourcecode.swift; path = LearnMultipleSheets.swift; sourceTree = "<group>"; };
		E2616C8B2B0B947500F335D5 /* CustomButtonText.swift */ = {isa = PBXFileReference; lastKnownFileType = sourcecode.swift; path = CustomButtonText.swift; sourceTree = "<group>"; };
		E26774A82B12406800676CBA /* PhotoModelCacheManager.swift */ = {isa = PBXFileReference; lastKnownFileType = sourcecode.swift; path = PhotoModelCacheManager.swift; sourceTree = "<group>"; };
		E26774AA2B12419F00676CBA /* PhotoModelFileManager.swift */ = {isa = PBXFileReference; lastKnownFileType = sourcecode.swift; path = PhotoModelFileManager.swift; sourceTree = "<group>"; };
		E27FA5922AFD05AF00DEDC6C /* LearnDragGesture.swift */ = {isa = PBXFileReference; lastKnownFileType = sourcecode.swift; path = LearnDragGesture.swift; sourceTree = "<group>"; };
		E27FA5942AFD116200DEDC6C /* LearnScrollViewReader.swift */ = {isa = PBXFileReference; lastKnownFileType = sourcecode.swift; path = LearnScrollViewReader.swift; sourceTree = "<group>"; };
		E28037512B0A894C0011FF32 /* CacheView.swift */ = {isa = PBXFileReference; lastKnownFileType = sourcecode.swift; path = CacheView.swift; sourceTree = "<group>"; };
		E2877EFB2B56EAB50005A6B6 /* LearnGenerics.swift */ = {isa = PBXFileReference; lastKnownFileType = sourcecode.swift; path = LearnGenerics.swift; sourceTree = "<group>"; };
		E28EB6302B0650840029CF49 /* LearnEscaping.swift */ = {isa = PBXFileReference; lastKnownFileType = sourcecode.swift; path = LearnEscaping.swift; sourceTree = "<group>"; };
		E28EB6322B0660130029CF49 /* LearnCodable.swift */ = {isa = PBXFileReference; lastKnownFileType = sourcecode.swift; path = LearnCodable.swift; sourceTree = "<group>"; };
		E2BF37B02AFBB4E300A06DBD /* LearnMagnificationGesture.swift */ = {isa = PBXFileReference; lastKnownFileType = sourcecode.swift; path = LearnMagnificationGesture.swift; sourceTree = "<group>"; };
		E2BF37B22AFBBE8D00A06DBD /* LearnRotationGesture.swift */ = {isa = PBXFileReference; lastKnownFileType = sourcecode.swift; path = LearnRotationGesture.swift; sourceTree = "<group>"; };
		E2E2435A2B0CBB1D0093DD79 /* DownloadingImagesView.swift */ = {isa = PBXFileReference; lastKnownFileType = sourcecode.swift; path = DownloadingImagesView.swift; sourceTree = "<group>"; };
		E2E2435C2B0CBD850093DD79 /* DownloadingImagesViewModel.swift */ = {isa = PBXFileReference; lastKnownFileType = sourcecode.swift; path = DownloadingImagesViewModel.swift; sourceTree = "<group>"; };
		E2E2435E2B0CBDAD0093DD79 /* PhotoModel.swift */ = {isa = PBXFileReference; lastKnownFileType = sourcecode.swift; path = PhotoModel.swift; sourceTree = "<group>"; };
		E2E243602B0CC39A0093DD79 /* PhotoModelDataService.swift */ = {isa = PBXFileReference; lastKnownFileType = sourcecode.swift; path = PhotoModelDataService.swift; sourceTree = "<group>"; };
		E2E243622B0CC92F0093DD79 /* DownloadingImagesRow.swift */ = {isa = PBXFileReference; lastKnownFileType = sourcecode.swift; path = DownloadingImagesRow.swift; sourceTree = "<group>"; };
		E2E243642B0CEA020093DD79 /* ImageLoadingView.swift */ = {isa = PBXFileReference; lastKnownFileType = sourcecode.swift; path = ImageLoadingView.swift; sourceTree = "<group>"; };
		E2E243662B0CEA0F0093DD79 /* ImageLoadingViewModel.swift */ = {isa = PBXFileReference; lastKnownFileType = sourcecode.swift; path = ImageLoadingViewModel.swift; sourceTree = "<group>"; };
		E2F0D9A42B052A9F0033D330 /* BackgroundThreads.swift */ = {isa = PBXFileReference; lastKnownFileType = sourcecode.swift; path = BackgroundThreads.swift; sourceTree = "<group>"; };
		E2F0D9A62B0531F60033D330 /* WeakSelf.swift */ = {isa = PBXFileReference; lastKnownFileType = sourcecode.swift; path = WeakSelf.swift; sourceTree = "<group>"; };
		E2F0D9A82B05528D0033D330 /* LearnTypealias.swift */ = {isa = PBXFileReference; lastKnownFileType = sourcecode.swift; path = LearnTypealias.swift; sourceTree = "<group>"; };
		E2F2A9A82B00D6E800ADB7C7 /* badum.mp3 */ = {isa = PBXFileReference; lastKnownFileType = audio.mp3; path = badum.mp3; sourceTree = "<group>"; };
		E2F2A9A92B00D6E800ADB7C7 /* tada.mp3 */ = {isa = PBXFileReference; lastKnownFileType = audio.mp3; path = tada.mp3; sourceTree = "<group>"; };
		E2F2A9AC2B00DF2900ADB7C7 /* LearnHaptics.swift */ = {isa = PBXFileReference; lastKnownFileType = sourcecode.swift; path = LearnHaptics.swift; sourceTree = "<group>"; };
		E2F2A9AE2B00FB3200ADB7C7 /* LearnLocalNotification.swift */ = {isa = PBXFileReference; lastKnownFileType = sourcecode.swift; path = LearnLocalNotification.swift; sourceTree = "<group>"; };
		E2F3DF8D2AFAA57200921053 /* IntermediateBootcamp.app */ = {isa = PBXFileReference; explicitFileType = wrapper.application; includeInIndex = 0; path = IntermediateBootcamp.app; sourceTree = BUILT_PRODUCTS_DIR; };
		E2F3DF902AFAA57200921053 /* IntermediateBootcampApp.swift */ = {isa = PBXFileReference; lastKnownFileType = sourcecode.swift; path = IntermediateBootcampApp.swift; sourceTree = "<group>"; };
		E2F3DF942AFAA57300921053 /* Assets.xcassets */ = {isa = PBXFileReference; lastKnownFileType = folder.assetcatalog; path = Assets.xcassets; sourceTree = "<group>"; };
		E2F3DF972AFAA57300921053 /* Preview Assets.xcassets */ = {isa = PBXFileReference; lastKnownFileType = folder.assetcatalog; path = "Preview Assets.xcassets"; sourceTree = "<group>"; };
		E2F3DF9E2AFAA5FB00921053 /* LearnLongPressGesture.swift */ = {isa = PBXFileReference; lastKnownFileType = sourcecode.swift; path = LearnLongPressGesture.swift; sourceTree = "<group>"; };
/* End PBXFileReference section */

/* Begin PBXFrameworksBuildPhase section */
		E2F3DF8A2AFAA57200921053 /* Frameworks */ = {
			isa = PBXFrameworksBuildPhase;
			buildActionMask = 2147483647;
			files = (
			);
			runOnlyForDeploymentPostprocessing = 0;
		};
/* End PBXFrameworksBuildPhase section */

/* Begin PBXGroup section */
		E22E6CF82B04CF7E000395A3 /* LearnCoreData */ = {
			isa = PBXGroup;
			children = (
				E20B4C342B04B83D00C29FA3 /* LearnCoreData.swift */,
				E20B4C362B04B9C000C29FA3 /* FruitsContainer.xcdatamodeld */,
			);
			path = LearnCoreData;
			sourceTree = "<group>";
		};
		E22E6CF92B04CF8D000395A3 /* CoreDataRelationship */ = {
			isa = PBXGroup;
			children = (
				E22E6CFA2B04D0A3000395A3 /* CoreDataRelationship.swift */,
			);
			path = CoreDataRelationship;
			sourceTree = "<group>";
		};
		E2672E662B0B9E6600E951C6 /* DownladingImages */ = {
			isa = PBXGroup;
			children = (
				E2672E6A2B0B9E8B00E951C6 /* Utililties */,
				E2672E672B0B9E7900E951C6 /* Models */,
				E2672E692B0B9E8600E951C6 /* Views */,
				E2672E682B0B9E8100E951C6 /* ViewModels */,
			);
			path = DownladingImages;
			sourceTree = "<group>";
		};
		E2672E672B0B9E7900E951C6 /* Models */ = {
			isa = PBXGroup;
			children = (
				E2E2435E2B0CBDAD0093DD79 /* PhotoModel.swift */,
			);
			path = Models;
			sourceTree = "<group>";
		};
		E2672E682B0B9E8100E951C6 /* ViewModels */ = {
			isa = PBXGroup;
			children = (
				E2E2435C2B0CBD850093DD79 /* DownloadingImagesViewModel.swift */,
				E2E243662B0CEA0F0093DD79 /* ImageLoadingViewModel.swift */,
			);
			path = ViewModels;
			sourceTree = "<group>";
		};
		E2672E692B0B9E8600E951C6 /* Views */ = {
			isa = PBXGroup;
			children = (
				E2E2435A2B0CBB1D0093DD79 /* DownloadingImagesView.swift */,
				E2E243622B0CC92F0093DD79 /* DownloadingImagesRow.swift */,
				E2E243642B0CEA020093DD79 /* ImageLoadingView.swift */,
			);
			path = Views;
			sourceTree = "<group>";
		};
		E2672E6A2B0B9E8B00E951C6 /* Utililties */ = {
			isa = PBXGroup;
			children = (
				E2E243602B0CC39A0093DD79 /* PhotoModelDataService.swift */,
				E26774A82B12406800676CBA /* PhotoModelCacheManager.swift */,
				E26774AA2B12419F00676CBA /* PhotoModelFileManager.swift */,
			);
			path = Utililties;
			sourceTree = "<group>";
		};
		E2672E6B2B0B9EAB00E951C6 /* Intermediate */ = {
			isa = PBXGroup;
			children = (
				E2F3DF9E2AFAA5FB00921053 /* LearnLongPressGesture.swift */,
				E2BF37B02AFBB4E300A06DBD /* LearnMagnificationGesture.swift */,
				E2BF37B22AFBBE8D00A06DBD /* LearnRotationGesture.swift */,
				E27FA5922AFD05AF00DEDC6C /* LearnDragGesture.swift */,
				E27FA5942AFD116200DEDC6C /* LearnScrollViewReader.swift */,
				E25E80012AFF9CB40020BDA6 /* LearnMultipleSheets.swift */,
				E2581FA12AFFCE6400107A86 /* LearnMask.swift */,
				E2581FA32AFFE9AA00107A86 /* LearnSounds.swift */,
				E2F2A9A72B00D6C900ADB7C7 /* SoundEffects */,
				E2F2A9AC2B00DF2900ADB7C7 /* LearnHaptics.swift */,
				E2F2A9AE2B00FB3200ADB7C7 /* LearnLocalNotification.swift */,
				E25CD5B22B013FE700474B2B /* Arrays.swift */,
				E22E6CF82B04CF7E000395A3 /* LearnCoreData */,
				E22E6CF92B04CF8D000395A3 /* CoreDataRelationship */,
				E2F0D9A42B052A9F0033D330 /* BackgroundThreads.swift */,
				E2F0D9A62B0531F60033D330 /* WeakSelf.swift */,
				E2F0D9A82B05528D0033D330 /* LearnTypealias.swift */,
				E28EB6302B0650840029CF49 /* LearnEscaping.swift */,
				E28EB6322B0660130029CF49 /* LearnCodable.swift */,
				E22737C32B0791D700C0D19A /* DownloadWithEscaping.swift */,
				E22737C52B07AA9400C0D19A /* DownloadWithCombine.swift */,
				E2212F3F2B08CD6C0077168E /* LearnTimer.swift */,
				E251FA6D2B08F681004E19B3 /* SubscriberView.swift */,
				E235C2592B0A24D40096790F /* FileManagerView.swift */,
				E2616C8B2B0B947500F335D5 /* CustomButtonText.swift */,
				E28037512B0A894C0011FF32 /* CacheView.swift */,
			);
			path = Intermediate;
			sourceTree = "<group>";
		};
		E2877EFA2B56EA760005A6B6 /* Advanced */ = {
			isa = PBXGroup;
			children = (
				E2877EFB2B56EAB50005A6B6 /* LearnGenerics.swift */,
				E211C2232B5821B500F3140F /* LearnViewBuilder.swift */,
			);
			path = Advanced;
			sourceTree = "<group>";
		};
		E2F2A9A72B00D6C900ADB7C7 /* SoundEffects */ = {
			isa = PBXGroup;
			children = (
				E2F2A9A82B00D6E800ADB7C7 /* badum.mp3 */,
				E2F2A9A92B00D6E800ADB7C7 /* tada.mp3 */,
			);
			path = SoundEffects;
			sourceTree = "<group>";
		};
		E2F3DF842AFAA57200921053 = {
			isa = PBXGroup;
			children = (
				E2F3DF8F2AFAA57200921053 /* IntermediateBootcamp */,
				E2F3DF8E2AFAA57200921053 /* Products */,
			);
			sourceTree = "<group>";
		};
		E2F3DF8E2AFAA57200921053 /* Products */ = {
			isa = PBXGroup;
			children = (
				E2F3DF8D2AFAA57200921053 /* IntermediateBootcamp.app */,
			);
			name = Products;
			sourceTree = "<group>";
		};
		E2F3DF8F2AFAA57200921053 /* IntermediateBootcamp */ = {
			isa = PBXGroup;
			children = (
				E2F3DF902AFAA57200921053 /* IntermediateBootcampApp.swift */,
				E2672E6B2B0B9EAB00E951C6 /* Intermediate */,
				E2672E662B0B9E6600E951C6 /* DownladingImages */,
				E2877EFA2B56EA760005A6B6 /* Advanced */,
				E2F3DF942AFAA57300921053 /* Assets.xcassets */,
				E2F3DF962AFAA57300921053 /* Preview Content */,
			);
			path = IntermediateBootcamp;
			sourceTree = "<group>";
		};
		E2F3DF962AFAA57300921053 /* Preview Content */ = {
			isa = PBXGroup;
			children = (
				E2F3DF972AFAA57300921053 /* Preview Assets.xcassets */,
			);
			path = "Preview Content";
			sourceTree = "<group>";
		};
/* End PBXGroup section */

/* Begin PBXNativeTarget section */
		E2F3DF8C2AFAA57200921053 /* IntermediateBootcamp */ = {
			isa = PBXNativeTarget;
			buildConfigurationList = E2F3DF9B2AFAA57300921053 /* Build configuration list for PBXNativeTarget "IntermediateBootcamp" */;
			buildPhases = (
				E2F3DF892AFAA57200921053 /* Sources */,
				E2F3DF8A2AFAA57200921053 /* Frameworks */,
				E2F3DF8B2AFAA57200921053 /* Resources */,
			);
			buildRules = (
			);
			dependencies = (
			);
			name = IntermediateBootcamp;
			productName = IntermediateBootcamp;
			productReference = E2F3DF8D2AFAA57200921053 /* IntermediateBootcamp.app */;
			productType = "com.apple.product-type.application";
		};
/* End PBXNativeTarget section */

/* Begin PBXProject section */
		E2F3DF852AFAA57200921053 /* Project object */ = {
			isa = PBXProject;
			attributes = {
				BuildIndependentTargetsInParallel = 1;
				LastSwiftUpdateCheck = 1500;
				LastUpgradeCheck = 1500;
				TargetAttributes = {
					E2F3DF8C2AFAA57200921053 = {
						CreatedOnToolsVersion = 15.0.1;
					};
				};
			};
			buildConfigurationList = E2F3DF882AFAA57200921053 /* Build configuration list for PBXProject "IntermediateBootcamp" */;
			compatibilityVersion = "Xcode 14.0";
			developmentRegion = en;
			hasScannedForEncodings = 0;
			knownRegions = (
				en,
				Base,
			);
			mainGroup = E2F3DF842AFAA57200921053;
			productRefGroup = E2F3DF8E2AFAA57200921053 /* Products */;
			projectDirPath = "";
			projectRoot = "";
			targets = (
				E2F3DF8C2AFAA57200921053 /* IntermediateBootcamp */,
			);
		};
/* End PBXProject section */

/* Begin PBXResourcesBuildPhase section */
		E2F3DF8B2AFAA57200921053 /* Resources */ = {
			isa = PBXResourcesBuildPhase;
			buildActionMask = 2147483647;
			files = (
				E2F2A9AB2B00D6E800ADB7C7 /* tada.mp3 in Resources */,
				E2F2A9AA2B00D6E800ADB7C7 /* badum.mp3 in Resources */,
				E2F3DF982AFAA57300921053 /* Preview Assets.xcassets in Resources */,
				E2F3DF952AFAA57300921053 /* Assets.xcassets in Resources */,
			);
			runOnlyForDeploymentPostprocessing = 0;
		};
/* End PBXResourcesBuildPhase section */

/* Begin PBXSourcesBuildPhase section */
		E2F3DF892AFAA57200921053 /* Sources */ = {
			isa = PBXSourcesBuildPhase;
			buildActionMask = 2147483647;
			files = (
				E2E2435D2B0CBD850093DD79 /* DownloadingImagesViewModel.swift in Sources */,
				E2581FA22AFFCE6400107A86 /* LearnMask.swift in Sources */,
				E2F3DF912AFAA57200921053 /* IntermediateBootcampApp.swift in Sources */,
				E235C25A2B0A24D40096790F /* FileManagerView.swift in Sources */,
				E26774AB2B12419F00676CBA /* PhotoModelFileManager.swift in Sources */,
				E20B4C382B04B9C000C29FA3 /* FruitsContainer.xcdatamodeld in Sources */,
				E2E243672B0CEA0F0093DD79 /* ImageLoadingViewModel.swift in Sources */,
				E22737C62B07AA9400C0D19A /* DownloadWithCombine.swift in Sources */,
				E2E243652B0CEA020093DD79 /* ImageLoadingView.swift in Sources */,
				E2F2A9AF2B00FB3200ADB7C7 /* LearnLocalNotification.swift in Sources */,
				E2F3DF9F2AFAA5FB00921053 /* LearnLongPressGesture.swift in Sources */,
				E251FA6E2B08F681004E19B3 /* SubscriberView.swift in Sources */,
				E28EB6332B0660130029CF49 /* LearnCodable.swift in Sources */,
				E20B4C352B04B83D00C29FA3 /* LearnCoreData.swift in Sources */,
				E2616C8C2B0B947500F335D5 /* CustomButtonText.swift in Sources */,
				E25E80022AFF9CB40020BDA6 /* LearnMultipleSheets.swift in Sources */,
				E2581FA42AFFE9AA00107A86 /* LearnSounds.swift in Sources */,
				E2F0D9A72B0531F60033D330 /* WeakSelf.swift in Sources */,
				E2BF37B12AFBB4E300A06DBD /* LearnMagnificationGesture.swift in Sources */,
				E211C2242B5821B500F3140F /* LearnViewBuilder.swift in Sources */,
				E27FA5952AFD116200DEDC6C /* LearnScrollViewReader.swift in Sources */,
				E28037522B0A894C0011FF32 /* CacheView.swift in Sources */,
				E2E2435F2B0CBDAD0093DD79 /* PhotoModel.swift in Sources */,
				E27FA5932AFD05AF00DEDC6C /* LearnDragGesture.swift in Sources */,
				E2BF37B32AFBBE8D00A06DBD /* LearnRotationGesture.swift in Sources */,
				E28EB6312B0650840029CF49 /* LearnEscaping.swift in Sources */,
				E2212F402B08CD6C0077168E /* LearnTimer.swift in Sources */,
				E2E2435B2B0CBB1D0093DD79 /* DownloadingImagesView.swift in Sources */,
				E22737C42B0791D700C0D19A /* DownloadWithEscaping.swift in Sources */,
				E2877EFC2B56EAB50005A6B6 /* LearnGenerics.swift in Sources */,
				E26774A92B12406800676CBA /* PhotoModelCacheManager.swift in Sources */,
				E2E243632B0CC92F0093DD79 /* DownloadingImagesRow.swift in Sources */,
				E2F0D9A92B05528D0033D330 /* LearnTypealias.swift in Sources */,
				E25CD5B32B013FE700474B2B /* Arrays.swift in Sources */,
				E2F0D9A52B052A9F0033D330 /* BackgroundThreads.swift in Sources */,
				E2E243612B0CC39A0093DD79 /* PhotoModelDataService.swift in Sources */,
				E2F2A9AD2B00DF2900ADB7C7 /* LearnHaptics.swift in Sources */,
				E22E6CFB2B04D0A3000395A3 /* CoreDataRelationship.swift in Sources */,
			);
			runOnlyForDeploymentPostprocessing = 0;
		};
/* End PBXSourcesBuildPhase section */

/* Begin XCBuildConfiguration section */
		E2F3DF992AFAA57300921053 /* Debug */ = {
			isa = XCBuildConfiguration;
			buildSettings = {
				ALWAYS_SEARCH_USER_PATHS = NO;
				ASSETCATALOG_COMPILER_GENERATE_SWIFT_ASSET_SYMBOL_EXTENSIONS = YES;
				CLANG_ANALYZER_NONNULL = YES;
				CLANG_ANALYZER_NUMBER_OBJECT_CONVERSION = YES_AGGRESSIVE;
				CLANG_CXX_LANGUAGE_STANDARD = "gnu++20";
				CLANG_ENABLE_MODULES = YES;
				CLANG_ENABLE_OBJC_ARC = YES;
				CLANG_ENABLE_OBJC_WEAK = YES;
				CLANG_WARN_BLOCK_CAPTURE_AUTORELEASING = YES;
				CLANG_WARN_BOOL_CONVERSION = YES;
				CLANG_WARN_COMMA = YES;
				CLANG_WARN_CONSTANT_CONVERSION = YES;
				CLANG_WARN_DEPRECATED_OBJC_IMPLEMENTATIONS = YES;
				CLANG_WARN_DIRECT_OBJC_ISA_USAGE = YES_ERROR;
				CLANG_WARN_DOCUMENTATION_COMMENTS = YES;
				CLANG_WARN_EMPTY_BODY = YES;
				CLANG_WARN_ENUM_CONVERSION = YES;
				CLANG_WARN_INFINITE_RECURSION = YES;
				CLANG_WARN_INT_CONVERSION = YES;
				CLANG_WARN_NON_LITERAL_NULL_CONVERSION = YES;
				CLANG_WARN_OBJC_IMPLICIT_RETAIN_SELF = YES;
				CLANG_WARN_OBJC_LITERAL_CONVERSION = YES;
				CLANG_WARN_OBJC_ROOT_CLASS = YES_ERROR;
				CLANG_WARN_QUOTED_INCLUDE_IN_FRAMEWORK_HEADER = YES;
				CLANG_WARN_RANGE_LOOP_ANALYSIS = YES;
				CLANG_WARN_STRICT_PROTOTYPES = YES;
				CLANG_WARN_SUSPICIOUS_MOVE = YES;
				CLANG_WARN_UNGUARDED_AVAILABILITY = YES_AGGRESSIVE;
				CLANG_WARN_UNREACHABLE_CODE = YES;
				CLANG_WARN__DUPLICATE_METHOD_MATCH = YES;
				COPY_PHASE_STRIP = NO;
				DEBUG_INFORMATION_FORMAT = dwarf;
				ENABLE_STRICT_OBJC_MSGSEND = YES;
				ENABLE_TESTABILITY = YES;
				ENABLE_USER_SCRIPT_SANDBOXING = YES;
				GCC_C_LANGUAGE_STANDARD = gnu17;
				GCC_DYNAMIC_NO_PIC = NO;
				GCC_NO_COMMON_BLOCKS = YES;
				GCC_OPTIMIZATION_LEVEL = 0;
				GCC_PREPROCESSOR_DEFINITIONS = (
					"DEBUG=1",
					"$(inherited)",
				);
				GCC_WARN_64_TO_32_BIT_CONVERSION = YES;
				GCC_WARN_ABOUT_RETURN_TYPE = YES_ERROR;
				GCC_WARN_UNDECLARED_SELECTOR = YES;
				GCC_WARN_UNINITIALIZED_AUTOS = YES_AGGRESSIVE;
				GCC_WARN_UNUSED_FUNCTION = YES;
				GCC_WARN_UNUSED_VARIABLE = YES;
				IPHONEOS_DEPLOYMENT_TARGET = 17.0;
				LOCALIZATION_PREFERS_STRING_CATALOGS = YES;
				MTL_ENABLE_DEBUG_INFO = INCLUDE_SOURCE;
				MTL_FAST_MATH = YES;
				ONLY_ACTIVE_ARCH = YES;
				SDKROOT = iphoneos;
				SWIFT_ACTIVE_COMPILATION_CONDITIONS = "DEBUG $(inherited)";
				SWIFT_OPTIMIZATION_LEVEL = "-Onone";
			};
			name = Debug;
		};
		E2F3DF9A2AFAA57300921053 /* Release */ = {
			isa = XCBuildConfiguration;
			buildSettings = {
				ALWAYS_SEARCH_USER_PATHS = NO;
				ASSETCATALOG_COMPILER_GENERATE_SWIFT_ASSET_SYMBOL_EXTENSIONS = YES;
				CLANG_ANALYZER_NONNULL = YES;
				CLANG_ANALYZER_NUMBER_OBJECT_CONVERSION = YES_AGGRESSIVE;
				CLANG_CXX_LANGUAGE_STANDARD = "gnu++20";
				CLANG_ENABLE_MODULES = YES;
				CLANG_ENABLE_OBJC_ARC = YES;
				CLANG_ENABLE_OBJC_WEAK = YES;
				CLANG_WARN_BLOCK_CAPTURE_AUTORELEASING = YES;
				CLANG_WARN_BOOL_CONVERSION = YES;
				CLANG_WARN_COMMA = YES;
				CLANG_WARN_CONSTANT_CONVERSION = YES;
				CLANG_WARN_DEPRECATED_OBJC_IMPLEMENTATIONS = YES;
				CLANG_WARN_DIRECT_OBJC_ISA_USAGE = YES_ERROR;
				CLANG_WARN_DOCUMENTATION_COMMENTS = YES;
				CLANG_WARN_EMPTY_BODY = YES;
				CLANG_WARN_ENUM_CONVERSION = YES;
				CLANG_WARN_INFINITE_RECURSION = YES;
				CLANG_WARN_INT_CONVERSION = YES;
				CLANG_WARN_NON_LITERAL_NULL_CONVERSION = YES;
				CLANG_WARN_OBJC_IMPLICIT_RETAIN_SELF = YES;
				CLANG_WARN_OBJC_LITERAL_CONVERSION = YES;
				CLANG_WARN_OBJC_ROOT_CLASS = YES_ERROR;
				CLANG_WARN_QUOTED_INCLUDE_IN_FRAMEWORK_HEADER = YES;
				CLANG_WARN_RANGE_LOOP_ANALYSIS = YES;
				CLANG_WARN_STRICT_PROTOTYPES = YES;
				CLANG_WARN_SUSPICIOUS_MOVE = YES;
				CLANG_WARN_UNGUARDED_AVAILABILITY = YES_AGGRESSIVE;
				CLANG_WARN_UNREACHABLE_CODE = YES;
				CLANG_WARN__DUPLICATE_METHOD_MATCH = YES;
				COPY_PHASE_STRIP = NO;
				DEBUG_INFORMATION_FORMAT = "dwarf-with-dsym";
				ENABLE_NS_ASSERTIONS = NO;
				ENABLE_STRICT_OBJC_MSGSEND = YES;
				ENABLE_USER_SCRIPT_SANDBOXING = YES;
				GCC_C_LANGUAGE_STANDARD = gnu17;
				GCC_NO_COMMON_BLOCKS = YES;
				GCC_WARN_64_TO_32_BIT_CONVERSION = YES;
				GCC_WARN_ABOUT_RETURN_TYPE = YES_ERROR;
				GCC_WARN_UNDECLARED_SELECTOR = YES;
				GCC_WARN_UNINITIALIZED_AUTOS = YES_AGGRESSIVE;
				GCC_WARN_UNUSED_FUNCTION = YES;
				GCC_WARN_UNUSED_VARIABLE = YES;
				IPHONEOS_DEPLOYMENT_TARGET = 17.0;
				LOCALIZATION_PREFERS_STRING_CATALOGS = YES;
				MTL_ENABLE_DEBUG_INFO = NO;
				MTL_FAST_MATH = YES;
				SDKROOT = iphoneos;
				SWIFT_COMPILATION_MODE = wholemodule;
				VALIDATE_PRODUCT = YES;
			};
			name = Release;
		};
		E2F3DF9C2AFAA57300921053 /* Debug */ = {
			isa = XCBuildConfiguration;
			buildSettings = {
				ASSETCATALOG_COMPILER_APPICON_NAME = AppIcon;
				ASSETCATALOG_COMPILER_GLOBAL_ACCENT_COLOR_NAME = AccentColor;
				CODE_SIGN_STYLE = Automatic;
				CURRENT_PROJECT_VERSION = 1;
				DEVELOPMENT_ASSET_PATHS = "\"IntermediateBootcamp/Preview Content\"";
				DEVELOPMENT_TEAM = 4HXT666CZK;
				ENABLE_PREVIEWS = YES;
				GENERATE_INFOPLIST_FILE = YES;
				INFOPLIST_KEY_UIApplicationSceneManifest_Generation = YES;
				INFOPLIST_KEY_UIApplicationSupportsIndirectInputEvents = YES;
				INFOPLIST_KEY_UILaunchScreen_Generation = YES;
				INFOPLIST_KEY_UISupportedInterfaceOrientations_iPad = "UIInterfaceOrientationPortrait UIInterfaceOrientationPortraitUpsideDown UIInterfaceOrientationLandscapeLeft UIInterfaceOrientationLandscapeRight";
				INFOPLIST_KEY_UISupportedInterfaceOrientations_iPhone = "UIInterfaceOrientationPortrait UIInterfaceOrientationLandscapeLeft UIInterfaceOrientationLandscapeRight";
				LD_RUNPATH_SEARCH_PATHS = (
					"$(inherited)",
					"@executable_path/Frameworks",
				);
				MARKETING_VERSION = 1.0;
				PRODUCT_BUNDLE_IDENTIFIER = com.denisdragan.IntermediateBootcamp;
				PRODUCT_NAME = "$(TARGET_NAME)";
				SWIFT_EMIT_LOC_STRINGS = YES;
				SWIFT_VERSION = 5.0;
				TARGETED_DEVICE_FAMILY = "1,2";
			};
			name = Debug;
		};
		E2F3DF9D2AFAA57300921053 /* Release */ = {
			isa = XCBuildConfiguration;
			buildSettings = {
				ASSETCATALOG_COMPILER_APPICON_NAME = AppIcon;
				ASSETCATALOG_COMPILER_GLOBAL_ACCENT_COLOR_NAME = AccentColor;
				CODE_SIGN_STYLE = Automatic;
				CURRENT_PROJECT_VERSION = 1;
				DEVELOPMENT_ASSET_PATHS = "\"IntermediateBootcamp/Preview Content\"";
				DEVELOPMENT_TEAM = 4HXT666CZK;
				ENABLE_PREVIEWS = YES;
				GENERATE_INFOPLIST_FILE = YES;
				INFOPLIST_KEY_UIApplicationSceneManifest_Generation = YES;
				INFOPLIST_KEY_UIApplicationSupportsIndirectInputEvents = YES;
				INFOPLIST_KEY_UILaunchScreen_Generation = YES;
				INFOPLIST_KEY_UISupportedInterfaceOrientations_iPad = "UIInterfaceOrientationPortrait UIInterfaceOrientationPortraitUpsideDown UIInterfaceOrientationLandscapeLeft UIInterfaceOrientationLandscapeRight";
				INFOPLIST_KEY_UISupportedInterfaceOrientations_iPhone = "UIInterfaceOrientationPortrait UIInterfaceOrientationLandscapeLeft UIInterfaceOrientationLandscapeRight";
				LD_RUNPATH_SEARCH_PATHS = (
					"$(inherited)",
					"@executable_path/Frameworks",
				);
				MARKETING_VERSION = 1.0;
				PRODUCT_BUNDLE_IDENTIFIER = com.denisdragan.IntermediateBootcamp;
				PRODUCT_NAME = "$(TARGET_NAME)";
				SWIFT_EMIT_LOC_STRINGS = YES;
				SWIFT_VERSION = 5.0;
				TARGETED_DEVICE_FAMILY = "1,2";
			};
			name = Release;
		};
/* End XCBuildConfiguration section */

/* Begin XCConfigurationList section */
		E2F3DF882AFAA57200921053 /* Build configuration list for PBXProject "IntermediateBootcamp" */ = {
			isa = XCConfigurationList;
			buildConfigurations = (
				E2F3DF992AFAA57300921053 /* Debug */,
				E2F3DF9A2AFAA57300921053 /* Release */,
			);
			defaultConfigurationIsVisible = 0;
			defaultConfigurationName = Release;
		};
		E2F3DF9B2AFAA57300921053 /* Build configuration list for PBXNativeTarget "IntermediateBootcamp" */ = {
			isa = XCConfigurationList;
			buildConfigurations = (
				E2F3DF9C2AFAA57300921053 /* Debug */,
				E2F3DF9D2AFAA57300921053 /* Release */,
			);
			defaultConfigurationIsVisible = 0;
			defaultConfigurationName = Release;
		};
/* End XCConfigurationList section */

/* Begin XCVersionGroup section */
		E20B4C362B04B9C000C29FA3 /* FruitsContainer.xcdatamodeld */ = {
			isa = XCVersionGroup;
			children = (
				E20B4C372B04B9C000C29FA3 /* FruitsContainer.xcdatamodel */,
			);
			currentVersion = E20B4C372B04B9C000C29FA3 /* FruitsContainer.xcdatamodel */;
			path = FruitsContainer.xcdatamodeld;
			sourceTree = "<group>";
			versionGroupType = wrapper.xcdatamodel;
		};
/* End XCVersionGroup section */
	};
	rootObject = E2F3DF852AFAA57200921053 /* Project object */;
}
